
Microsoft Visual Studio Solution File, Format Version 12.00
# Visual Studio Version 16
VisualStudioVersion = 16.0.31205.134
MinimumVisualStudioVersion = 10.0.40219.1
Project("{FAE04EC0-301F-11D3-BF4B-00C04F79EFBC}") = "Kalkulator", "WindowsFormsApp67\Kalkulator.csproj", "{001C09FA-926C-487C-90B5-4B798D679D3F}"
EndProject
Global
	GlobalSection(SolutionConfigurationPlatforms) = preSolution
		Debug|Any CPU = Debug|Any CPU
		Release|Any CPU = Release|Any CPU
	EndGlobalSection
	GlobalSection(ProjectConfigurationPlatforms) = postSolution
		{001C09FA-926C-487C-90B5-4B798D679D3F}.Debug|Any CPU.ActiveCfg = Debug|Any CPU
		{001C09FA-926C-487C-90B5-4B798D679D3F}.Debug|Any CPU.Build.0 = Debug|Any CPU
		{001C09FA-926C-487C-90B5-4B798D679D3F}.Release|Any CPU.ActiveCfg = Release|Any CPU
		{001C09FA-926C-487C-90B5-4B798D679D3F}.Release|Any CPU.Build.0 = Release|Any CPU
	EndGlobalSection
	GlobalSection(SolutionProperties) = preSolution
		HideSolutionNode = FALSE
	EndGlobalSection
	GlobalSection(ExtensibilityGlobals) = postSolution
		SolutionGuid = {453EF0DC-1D4F-49BF-AD84-CC24AF8C2A8D}
	EndGlobalSection
EndGlobal
